
Microsoft Visual Studio Solution File, Format Version 12.00
# Visual Studio Version 17
VisualStudioVersion = 17.8.34511.84
MinimumVisualStudioVersion = 10.0.40219.1
Project("{FAE04EC0-301F-11D3-BF4B-00C04F79EFBC}") = "Calculadora", "Calculadora\Calculadora.csproj", "{FA87E45D-D44C-4600-A2ED-A6610DB2AE81}"
EndProject
Global
	GlobalSection(SolutionConfigurationPlatforms) = preSolution
		Debug|Any CPU = Debug|Any CPU
		Release|Any CPU = Release|Any CPU
	EndGlobalSection
	GlobalSection(ProjectConfigurationPlatforms) = postSolution
		{FA87E45D-D44C-4600-A2ED-A6610DB2AE81}.Debug|Any CPU.ActiveCfg = Debug|Any CPU
		{FA87E45D-D44C-4600-A2ED-A6610DB2AE81}.Debug|Any CPU.Build.0 = Debug|Any CPU
		{FA87E45D-D44C-4600-A2ED-A6610DB2AE81}.Debug|Any CPU.Deploy.0 = Debug|Any CPU
		{FA87E45D-D44C-4600-A2ED-A6610DB2AE81}.Release|Any CPU.ActiveCfg = Release|Any CPU
		{FA87E45D-D44C-4600-A2ED-A6610DB2AE81}.Release|Any CPU.Build.0 = Release|Any CPU
		{FA87E45D-D44C-4600-A2ED-A6610DB2AE81}.Release|Any CPU.Deploy.0 = Release|Any CPU
	EndGlobalSection
	GlobalSection(SolutionProperties) = preSolution
		HideSolutionNode = FALSE
	EndGlobalSection
	GlobalSection(ExtensibilityGlobals) = postSolution
		SolutionGuid = {0CBEB466-3571-48FC-8A5A-C1F1126A9657}
	EndGlobalSection
EndGlobal
